
Microsoft Visual Studio Solution File, Format Version 12.00
# Visual Studio 15
VisualStudioVersion = 15.0.28307.572
MinimumVisualStudioVersion = 10.0.40219.1
Project("{FAE04EC0-301F-11D3-BF4B-00C04F79EFBC}") = "NP.Android", "NP\NP.Android\NP.Android.csproj", "{FB52E5FE-389D-452B-94EC-D96373B8619F}"
EndProject
Project("{FAE04EC0-301F-11D3-BF4B-00C04F79EFBC}") = "NP.iOS", "NP\NP.iOS\NP.iOS.csproj", "{9BB9AB14-EDF1-4032-A2EF-875625191FCC}"
EndProject
Project("{FAE04EC0-301F-11D3-BF4B-00C04F79EFBC}") = "NP.UWP", "NP\NP.UWP\NP.UWP.csproj", "{D1D89483-2373-40E4-BFA4-1FD63881DAD0}"
EndProject
Project("{FAE04EC0-301F-11D3-BF4B-00C04F79EFBC}") = "NP", "NP\NP\NP.csproj", "{8C35256D-44DF-4F2E-B612-30FE1B18A1DC}"
EndProject
Global
	GlobalSection(SolutionConfigurationPlatforms) = preSolution
		Ad-Hoc|Any CPU = Ad-Hoc|Any CPU
		Ad-Hoc|ARM = Ad-Hoc|ARM
		Ad-Hoc|iPhone = Ad-Hoc|iPhone
		Ad-Hoc|iPhoneSimulator = Ad-Hoc|iPhoneSimulator
		Ad-Hoc|x64 = Ad-Hoc|x64
		Ad-Hoc|x86 = Ad-Hoc|x86
		AppStore|Any CPU = AppStore|Any CPU
		AppStore|ARM = AppStore|ARM
		AppStore|iPhone = AppStore|iPhone
		AppStore|iPhoneSimulator = AppStore|iPhoneSimulator
		AppStore|x64 = AppStore|x64
		AppStore|x86 = AppStore|x86
		Debug|Any CPU = Debug|Any CPU
		Debug|ARM = Debug|ARM
		Debug|iPhone = Debug|iPhone
		Debug|iPhoneSimulator = Debug|iPhoneSimulator
		Debug|x64 = Debug|x64
		Debug|x86 = Debug|x86
		Release|Any CPU = Release|Any CPU
		Release|ARM = Release|ARM
		Release|iPhone = Release|iPhone
		Release|iPhoneSimulator = Release|iPhoneSimulator
		Release|x64 = Release|x64
		Release|x86 = Release|x86
	EndGlobalSection
	GlobalSection(ProjectConfigurationPlatforms) = postSolution
		{FB52E5FE-389D-452B-94EC-D96373B8619F}.Ad-Hoc|Any CPU.ActiveCfg = Release|Any CPU
		{FB52E5FE-389D-452B-94EC-D96373B8619F}.Ad-Hoc|Any CPU.Build.0 = Release|Any CPU
		{FB52E5FE-389D-452B-94EC-D96373B8619F}.Ad-Hoc|Any CPU.Deploy.0 = Release|Any CPU
		{FB52E5FE-389D-452B-94EC-D96373B8619F}.Ad-Hoc|ARM.ActiveCfg = Release|Any CPU
		{FB52E5FE-389D-452B-94EC-D96373B8619F}.Ad-Hoc|ARM.Build.0 = Release|Any CPU
		{FB52E5FE-389D-452B-94EC-D96373B8619F}.Ad-Hoc|ARM.Deploy.0 = Release|Any CPU
		{FB52E5FE-389D-452B-94EC-D96373B8619F}.Ad-Hoc|iPhone.ActiveCfg = Release|Any CPU
		{FB52E5FE-389D-452B-94EC-D96373B8619F}.Ad-Hoc|iPhone.Build.0 = Release|Any CPU
		{FB52E5FE-389D-452B-94EC-D96373B8619F}.Ad-Hoc|iPhone.Deploy.0 = Release|Any CPU
		{FB52E5FE-389D-452B-94EC-D96373B8619F}.Ad-Hoc|iPhoneSimulator.ActiveCfg = Release|Any CPU
		{FB52E5FE-389D-452B-94EC-D96373B8619F}.Ad-Hoc|iPhoneSimulator.Build.0 = Release|Any CPU
		{FB52E5FE-389D-452B-94EC-D96373B8619F}.Ad-Hoc|iPhoneSimulator.Deploy.0 = Release|Any CPU
		{FB52E5FE-389D-452B-94EC-D96373B8619F}.Ad-Hoc|x64.ActiveCfg = Release|Any CPU
		{FB52E5FE-389D-452B-94EC-D96373B8619F}.Ad-Hoc|x64.Build.0 = Release|Any CPU
		{FB52E5FE-389D-452B-94EC-D96373B8619F}.Ad-Hoc|x64.Deploy.0 = Release|Any CPU
		{FB52E5FE-389D-452B-94EC-D96373B8619F}.Ad-Hoc|x86.ActiveCfg = Release|Any CPU
		{FB52E5FE-389D-452B-94EC-D96373B8619F}.Ad-Hoc|x86.Build.0 = Release|Any CPU
		{FB52E5FE-389D-452B-94EC-D96373B8619F}.Ad-Hoc|x86.Deploy.0 = Release|Any CPU
		{FB52E5FE-389D-452B-94EC-D96373B8619F}.AppStore|Any CPU.ActiveCfg = Release|Any CPU
		{FB52E5FE-389D-452B-94EC-D96373B8619F}.AppStore|Any CPU.Build.0 = Release|Any CPU
		{FB52E5FE-389D-452B-94EC-D96373B8619F}.AppStore|Any CPU.Deploy.0 = Release|Any CPU
		{FB52E5FE-389D-452B-94EC-D96373B8619F}.AppStore|ARM.ActiveCfg = Release|Any CPU
		{FB52E5FE-389D-452B-94EC-D96373B8619F}.AppStore|ARM.Build.0 = Release|Any CPU
		{FB52E5FE-389D-452B-94EC-D96373B8619F}.AppStore|ARM.Deploy.0 = Release|Any CPU
		{FB52E5FE-389D-452B-94EC-D96373B8619F}.AppStore|iPhone.ActiveCfg = Release|Any CPU
		{FB52E5FE-389D-452B-94EC-D96373B8619F}.AppStore|iPhone.Build.0 = Release|Any CPU
		{FB52E5FE-389D-452B-94EC-D96373B8619F}.AppStore|iPhone.Deploy.0 = Release|Any CPU
		{FB52E5FE-389D-452B-94EC-D96373B8619F}.AppStore|iPhoneSimulator.ActiveCfg = Release|Any CPU
		{FB52E5FE-389D-452B-94EC-D96373B8619F}.AppStore|iPhoneSimulator.Build.0 = Release|Any CPU
		{FB52E5FE-389D-452B-94EC-D96373B8619F}.AppStore|iPhoneSimulator.Deploy.0 = Release|Any CPU
		{FB52E5FE-389D-452B-94EC-D96373B8619F}.AppStore|x64.ActiveCfg = Release|Any CPU
		{FB52E5FE-389D-452B-94EC-D96373B8619F}.AppStore|x64.Build.0 = Release|Any CPU
		{FB52E5FE-389D-452B-94EC-D96373B8619F}.AppStore|x64.Deploy.0 = Release|Any CPU
		{FB52E5FE-389D-452B-94EC-D96373B8619F}.AppStore|x86.ActiveCfg = Release|Any CPU
		{FB52E5FE-389D-452B-94EC-D96373B8619F}.AppStore|x86.Build.0 = Release|Any CPU
		{FB52E5FE-389D-452B-94EC-D96373B8619F}.AppStore|x86.Deploy.0 = Release|Any CPU
		{FB52E5FE-389D-452B-94EC-D96373B8619F}.Debug|Any CPU.ActiveCfg = Debug|Any CPU
		{FB52E5FE-389D-452B-94EC-D96373B8619F}.Debug|Any CPU.Build.0 = Debug|Any CPU
		{FB52E5FE-389D-452B-94EC-D96373B8619F}.Debug|Any CPU.Deploy.0 = Debug|Any CPU
		{FB52E5FE-389D-452B-94EC-D96373B8619F}.Debug|ARM.ActiveCfg = Debug|Any CPU
		{FB52E5FE-389D-452B-94EC-D96373B8619F}.Debug|ARM.Build.0 = Debug|Any CPU
		{FB52E5FE-389D-452B-94EC-D96373B8619F}.Debug|ARM.Deploy.0 = Debug|Any CPU
		{FB52E5FE-389D-452B-94EC-D96373B8619F}.Debug|iPhone.ActiveCfg = Debug|Any CPU
		{FB52E5FE-389D-452B-94EC-D96373B8619F}.Debug|iPhone.Build.0 = Debug|Any CPU
		{FB52E5FE-389D-452B-94EC-D96373B8619F}.Debug|iPhone.Deploy.0 = Debug|Any CPU
		{FB52E5FE-389D-452B-94EC-D96373B8619F}.Debug|iPhoneSimulator.ActiveCfg = Debug|Any CPU
		{FB52E5FE-389D-452B-94EC-D96373B8619F}.Debug|iPhoneSimulator.Build.0 = Debug|Any CPU
		{FB52E5FE-389D-452B-94EC-D96373B8619F}.Debug|iPhoneSimulator.Deploy.0 = Debug|Any CPU
		{FB52E5FE-389D-452B-94EC-D96373B8619F}.Debug|x64.ActiveCfg = Debug|Any CPU
		{FB52E5FE-389D-452B-94EC-D96373B8619F}.Debug|x64.Build.0 = Debug|Any CPU
		{FB52E5FE-389D-452B-94EC-D96373B8619F}.Debug|x64.Deploy.0 = Debug|Any CPU
		{FB52E5FE-389D-452B-94EC-D96373B8619F}.Debug|x86.ActiveCfg = Debug|Any CPU
		{FB52E5FE-389D-452B-94EC-D96373B8619F}.Debug|x86.Build.0 = Debug|Any CPU
		{FB52E5FE-389D-452B-94EC-D96373B8619F}.Debug|x86.Deploy.0 = Debug|Any CPU
		{FB52E5FE-389D-452B-94EC-D96373B8619F}.Release|Any CPU.ActiveCfg = Release|Any CPU
		{FB52E5FE-389D-452B-94EC-D96373B8619F}.Release|Any CPU.Build.0 = Release|Any CPU
		{FB52E5FE-389D-452B-94EC-D96373B8619F}.Release|Any CPU.Deploy.0 = Release|Any CPU
		{FB52E5FE-389D-452B-94EC-D96373B8619F}.Release|ARM.ActiveCfg = Release|Any CPU
		{FB52E5FE-389D-452B-94EC-D96373B8619F}.Release|ARM.Build.0 = Release|Any CPU
		{FB52E5FE-389D-452B-94EC-D96373B8619F}.Release|ARM.Deploy.0 = Release|Any CPU
		{FB52E5FE-389D-452B-94EC-D96373B8619F}.Release|iPhone.ActiveCfg = Release|Any CPU
		{FB52E5FE-389D-452B-94EC-D96373B8619F}.Release|iPhone.Build.0 = Release|Any CPU
		{FB52E5FE-389D-452B-94EC-D96373B8619F}.Release|iPhone.Deploy.0 = Release|Any CPU
		{FB52E5FE-389D-452B-94EC-D96373B8619F}.Release|iPhoneSimulator.ActiveCfg = Release|Any CPU
		{FB52E5FE-389D-452B-94EC-D96373B8619F}.Release|iPhoneSimulator.Build.0 = Release|Any CPU
		{FB52E5FE-389D-452B-94EC-D96373B8619F}.Release|iPhoneSimulator.Deploy.0 = Release|Any CPU
		{FB52E5FE-389D-452B-94EC-D96373B8619F}.Release|x64.ActiveCfg = Release|Any CPU
		{FB52E5FE-389D-452B-94EC-D96373B8619F}.Release|x64.Build.0 = Release|Any CPU
		{FB52E5FE-389D-452B-94EC-D96373B8619F}.Release|x64.Deploy.0 = Release|Any CPU
		{FB52E5FE-389D-452B-94EC-D96373B8619F}.Release|x86.ActiveCfg = Release|Any CPU
		{FB52E5FE-389D-452B-94EC-D96373B8619F}.Release|x86.Build.0 = Release|Any CPU
		{FB52E5FE-389D-452B-94EC-D96373B8619F}.Release|x86.Deploy.0 = Release|Any CPU
		{9BB9AB14-EDF1-4032-A2EF-875625191FCC}.Ad-Hoc|Any CPU.ActiveCfg = Ad-Hoc|iPhone
		{9BB9AB14-EDF1-4032-A2EF-875625191FCC}.Ad-Hoc|Any CPU.Build.0 = Ad-Hoc|iPhone
		{9BB9AB14-EDF1-4032-A2EF-875625191FCC}.Ad-Hoc|Any CPU.Deploy.0 = Ad-Hoc|iPhone
		{9BB9AB14-EDF1-4032-A2EF-875625191FCC}.Ad-Hoc|ARM.ActiveCfg = Ad-Hoc|iPhone
		{9BB9AB14-EDF1-4032-A2EF-875625191FCC}.Ad-Hoc|ARM.Build.0 = Ad-Hoc|iPhone
		{9BB9AB14-EDF1-4032-A2EF-875625191FCC}.Ad-Hoc|ARM.Deploy.0 = Ad-Hoc|iPhone
		{9BB9AB14-EDF1-4032-A2EF-875625191FCC}.Ad-Hoc|iPhone.ActiveCfg = Ad-Hoc|iPhone
		{9BB9AB14-EDF1-4032-A2EF-875625191FCC}.Ad-Hoc|iPhone.Build.0 = Ad-Hoc|iPhone
		{9BB9AB14-EDF1-4032-A2EF-875625191FCC}.Ad-Hoc|iPhone.Deploy.0 = Ad-Hoc|iPhone
		{9BB9AB14-EDF1-4032-A2EF-875625191FCC}.Ad-Hoc|iPhoneSimulator.ActiveCfg = Ad-Hoc|iPhoneSimulator
		{9BB9AB14-EDF1-4032-A2EF-875625191FCC}.Ad-Hoc|iPhoneSimulator.Build.0 = Ad-Hoc|iPhoneSimulator
		{9BB9AB14-EDF1-4032-A2EF-875625191FCC}.Ad-Hoc|iPhoneSimulator.Deploy.0 = Ad-Hoc|iPhoneSimulator
		{9BB9AB14-EDF1-4032-A2EF-875625191FCC}.Ad-Hoc|x64.ActiveCfg = Ad-Hoc|iPhone
		{9BB9AB14-EDF1-4032-A2EF-875625191FCC}.Ad-Hoc|x64.Build.0 = Ad-Hoc|iPhone
		{9BB9AB14-EDF1-4032-A2EF-875625191FCC}.Ad-Hoc|x64.Deploy.0 = Ad-Hoc|iPhone
		{9BB9AB14-EDF1-4032-A2EF-875625191FCC}.Ad-Hoc|x86.ActiveCfg = Ad-Hoc|iPhone
		{9BB9AB14-EDF1-4032-A2EF-875625191FCC}.Ad-Hoc|x86.Build.0 = Ad-Hoc|iPhone
		{9BB9AB14-EDF1-4032-A2EF-875625191FCC}.Ad-Hoc|x86.Deploy.0 = Ad-Hoc|iPhone
		{9BB9AB14-EDF1-4032-A2EF-875625191FCC}.AppStore|Any CPU.ActiveCfg = AppStore|iPhone
		{9BB9AB14-EDF1-4032-A2EF-875625191FCC}.AppStore|Any CPU.Build.0 = AppStore|iPhone
		{9BB9AB14-EDF1-4032-A2EF-875625191FCC}.AppStore|Any CPU.Deploy.0 = AppStore|iPhone
		{9BB9AB14-EDF1-4032-A2EF-875625191FCC}.AppStore|ARM.ActiveCfg = AppStore|iPhone
		{9BB9AB14-EDF1-4032-A2EF-875625191FCC}.AppStore|ARM.Build.0 = AppStore|iPhone
		{9BB9AB14-EDF1-4032-A2EF-875625191FCC}.AppStore|ARM.Deploy.0 = AppStore|iPhone
		{9BB9AB14-EDF1-4032-A2EF-875625191FCC}.AppStore|iPhone.ActiveCfg = AppStore|iPhone
		{9BB9AB14-EDF1-4032-A2EF-875625191FCC}.AppStore|iPhone.Build.0 = AppStore|iPhone
		{9BB9AB14-EDF1-4032-A2EF-875625191FCC}.AppStore|iPhone.Deploy.0 = AppStore|iPhone
		{9BB9AB14-EDF1-4032-A2EF-875625191FCC}.AppStore|iPhoneSimulator.ActiveCfg = AppStore|iPhoneSimulator
		{9BB9AB14-EDF1-4032-A2EF-875625191FCC}.AppStore|iPhoneSimulator.Build.0 = AppStore|iPhoneSimulator
		{9BB9AB14-EDF1-4032-A2EF-875625191FCC}.AppStore|iPhoneSimulator.Deploy.0 = AppStore|iPhoneSimulator
		{9BB9AB14-EDF1-4032-A2EF-875625191FCC}.AppStore|x64.ActiveCfg = AppStore|iPhone
		{9BB9AB14-EDF1-4032-A2EF-875625191FCC}.AppStore|x64.Build.0 = AppStore|iPhone
		{9BB9AB14-EDF1-4032-A2EF-875625191FCC}.AppStore|x64.Deploy.0 = AppStore|iPhone
		{9BB9AB14-EDF1-4032-A2EF-875625191FCC}.AppStore|x86.ActiveCfg = AppStore|iPhone
		{9BB9AB14-EDF1-4032-A2EF-875625191FCC}.AppStore|x86.Build.0 = AppStore|iPhone
		{9BB9AB14-EDF1-4032-A2EF-875625191FCC}.AppStore|x86.Deploy.0 = AppStore|iPhone
		{9BB9AB14-EDF1-4032-A2EF-875625191FCC}.Debug|Any CPU.ActiveCfg = Debug|iPhoneSimulator
		{9BB9AB14-EDF1-4032-A2EF-875625191FCC}.Debug|Any CPU.Build.0 = Debug|iPhoneSimulator
		{9BB9AB14-EDF1-4032-A2EF-875625191FCC}.Debug|Any CPU.Deploy.0 = Debug|iPhoneSimulator
		{9BB9AB14-EDF1-4032-A2EF-875625191FCC}.Debug|ARM.ActiveCfg = Debug|iPhone
		{9BB9AB14-EDF1-4032-A2EF-875625191FCC}.Debug|ARM.Build.0 = Debug|iPhone
		{9BB9AB14-EDF1-4032-A2EF-875625191FCC}.Debug|ARM.Deploy.0 = Debug|iPhone
		{9BB9AB14-EDF1-4032-A2EF-875625191FCC}.Debug|iPhone.ActiveCfg = Debug|iPhone
		{9BB9AB14-EDF1-4032-A2EF-875625191FCC}.Debug|iPhone.Build.0 = Debug|iPhone
		{9BB9AB14-EDF1-4032-A2EF-875625191FCC}.Debug|iPhone.Deploy.0 = Debug|iPhone
		{9BB9AB14-EDF1-4032-A2EF-875625191FCC}.Debug|iPhoneSimulator.ActiveCfg = Debug|iPhoneSimulator
		{9BB9AB14-EDF1-4032-A2EF-875625191FCC}.Debug|iPhoneSimulator.Build.0 = Debug|iPhoneSimulator
		{9BB9AB14-EDF1-4032-A2EF-875625191FCC}.Debug|iPhoneSimulator.Deploy.0 = Debug|iPhoneSimulator
		{9BB9AB14-EDF1-4032-A2EF-875625191FCC}.Debug|x64.ActiveCfg = Debug|iPhone
		{9BB9AB14-EDF1-4032-A2EF-875625191FCC}.Debug|x64.Build.0 = Debug|iPhone
		{9BB9AB14-EDF1-4032-A2EF-875625191FCC}.Debug|x64.Deploy.0 = Debug|iPhone
		{9BB9AB14-EDF1-4032-A2EF-875625191FCC}.Debug|x86.ActiveCfg = Debug|iPhone
		{9BB9AB14-EDF1-4032-A2EF-875625191FCC}.Debug|x86.Build.0 = Debug|iPhone
		{9BB9AB14-EDF1-4032-A2EF-875625191FCC}.Debug|x86.Deploy.0 = Debug|iPhone
		{9BB9AB14-EDF1-4032-A2EF-875625191FCC}.Release|Any CPU.ActiveCfg = Release|iPhone
		{9BB9AB14-EDF1-4032-A2EF-875625191FCC}.Release|Any CPU.Build.0 = Release|iPhone
		{9BB9AB14-EDF1-4032-A2EF-875625191FCC}.Release|Any CPU.Deploy.0 = Release|iPhone
		{9BB9AB14-EDF1-4032-A2EF-875625191FCC}.Release|ARM.ActiveCfg = Release|iPhone
		{9BB9AB14-EDF1-4032-A2EF-875625191FCC}.Release|ARM.Build.0 = Release|iPhone
		{9BB9AB14-EDF1-4032-A2EF-875625191FCC}.Release|ARM.Deploy.0 = Release|iPhone
		{9BB9AB14-EDF1-4032-A2EF-875625191FCC}.Release|iPhone.ActiveCfg = Release|iPhone
		{9BB9AB14-EDF1-4032-A2EF-875625191FCC}.Release|iPhone.Build.0 = Release|iPhone
		{9BB9AB14-EDF1-4032-A2EF-875625191FCC}.Release|iPhone.Deploy.0 = Release|iPhone
		{9BB9AB14-EDF1-4032-A2EF-875625191FCC}.Release|iPhoneSimulator.ActiveCfg = Release|iPhoneSimulator
		{9BB9AB14-EDF1-4032-A2EF-875625191FCC}.Release|iPhoneSimulator.Build.0 = Release|iPhoneSimulator
		{9BB9AB14-EDF1-4032-A2EF-875625191FCC}.Release|iPhoneSimulator.Deploy.0 = Release|iPhoneSimulator
		{9BB9AB14-EDF1-4032-A2EF-875625191FCC}.Release|x64.ActiveCfg = Release|iPhone
		{9BB9AB14-EDF1-4032-A2EF-875625191FCC}.Release|x64.Build.0 = Release|iPhone
		{9BB9AB14-EDF1-4032-A2EF-875625191FCC}.Release|x64.Deploy.0 = Release|iPhone
		{9BB9AB14-EDF1-4032-A2EF-875625191FCC}.Release|x86.ActiveCfg = Release|iPhone
		{9BB9AB14-EDF1-4032-A2EF-875625191FCC}.Release|x86.Build.0 = Release|iPhone
		{9BB9AB14-EDF1-4032-A2EF-875625191FCC}.Release|x86.Deploy.0 = Release|iPhone
		{D1D89483-2373-40E4-BFA4-1FD63881DAD0}.Ad-Hoc|Any CPU.ActiveCfg = Release|x86
		{D1D89483-2373-40E4-BFA4-1FD63881DAD0}.Ad-Hoc|Any CPU.Build.0 = Release|x86
		{D1D89483-2373-40E4-BFA4-1FD63881DAD0}.Ad-Hoc|Any CPU.Deploy.0 = Release|x86
		{D1D89483-2373-40E4-BFA4-1FD63881DAD0}.Ad-Hoc|ARM.ActiveCfg = Release|ARM
		{D1D89483-2373-40E4-BFA4-1FD63881DAD0}.Ad-Hoc|ARM.Build.0 = Release|ARM
		{D1D89483-2373-40E4-BFA4-1FD63881DAD0}.Ad-Hoc|ARM.Deploy.0 = Release|ARM
		{D1D89483-2373-40E4-BFA4-1FD63881DAD0}.Ad-Hoc|iPhone.ActiveCfg = Release|x86
		{D1D89483-2373-40E4-BFA4-1FD63881DAD0}.Ad-Hoc|iPhone.Build.0 = Release|x86
		{D1D89483-2373-40E4-BFA4-1FD63881DAD0}.Ad-Hoc|iPhone.Deploy.0 = Release|x86
		{D1D89483-2373-40E4-BFA4-1FD63881DAD0}.Ad-Hoc|iPhoneSimulator.ActiveCfg = Release|x86
		{D1D89483-2373-40E4-BFA4-1FD63881DAD0}.Ad-Hoc|iPhoneSimulator.Build.0 = Release|x86
		{D1D89483-2373-40E4-BFA4-1FD63881DAD0}.Ad-Hoc|iPhoneSimulator.Deploy.0 = Release|x86
		{D1D89483-2373-40E4-BFA4-1FD63881DAD0}.Ad-Hoc|x64.ActiveCfg = Release|x64
		{D1D89483-2373-40E4-BFA4-1FD63881DAD0}.Ad-Hoc|x64.Build.0 = Release|x64
		{D1D89483-2373-40E4-BFA4-1FD63881DAD0}.Ad-Hoc|x64.Deploy.0 = Release|x64
		{D1D89483-2373-40E4-BFA4-1FD63881DAD0}.Ad-Hoc|x86.ActiveCfg = Release|x86
		{D1D89483-2373-40E4-BFA4-1FD63881DAD0}.Ad-Hoc|x86.Build.0 = Release|x86
		{D1D89483-2373-40E4-BFA4-1FD63881DAD0}.Ad-Hoc|x86.Deploy.0 = Release|x86
		{D1D89483-2373-40E4-BFA4-1FD63881DAD0}.AppStore|Any CPU.ActiveCfg = Release|x86
		{D1D89483-2373-40E4-BFA4-1FD63881DAD0}.AppStore|Any CPU.Build.0 = Release|x86
		{D1D89483-2373-40E4-BFA4-1FD63881DAD0}.AppStore|Any CPU.Deploy.0 = Release|x86
		{D1D89483-2373-40E4-BFA4-1FD63881DAD0}.AppStore|ARM.ActiveCfg = Release|ARM
		{D1D89483-2373-40E4-BFA4-1FD63881DAD0}.AppStore|ARM.Build.0 = Release|ARM
		{D1D89483-2373-40E4-BFA4-1FD63881DAD0}.AppStore|ARM.Deploy.0 = Release|ARM
		{D1D89483-2373-40E4-BFA4-1FD63881DAD0}.AppStore|iPhone.ActiveCfg = Release|x86
		{D1D89483-2373-40E4-BFA4-1FD63881DAD0}.AppStore|iPhone.Build.0 = Release|x86
		{D1D89483-2373-40E4-BFA4-1FD63881DAD0}.AppStore|iPhone.Deploy.0 = Release|x86
		{D1D89483-2373-40E4-BFA4-1FD63881DAD0}.AppStore|iPhoneSimulator.ActiveCfg = Release|x86
		{D1D89483-2373-40E4-BFA4-1FD63881DAD0}.AppStore|iPhoneSimulator.Build.0 = Release|x86
		{D1D89483-2373-40E4-BFA4-1FD63881DAD0}.AppStore|iPhoneSimulator.Deploy.0 = Release|x86
		{D1D89483-2373-40E4-BFA4-1FD63881DAD0}.AppStore|x64.ActiveCfg = Release|x64
		{D1D89483-2373-40E4-BFA4-1FD63881DAD0}.AppStore|x64.Build.0 = Release|x64
		{D1D89483-2373-40E4-BFA4-1FD63881DAD0}.AppStore|x64.Deploy.0 = Release|x64
		{D1D89483-2373-40E4-BFA4-1FD63881DAD0}.AppStore|x86.ActiveCfg = Release|x86
		{D1D89483-2373-40E4-BFA4-1FD63881DAD0}.AppStore|x86.Build.0 = Release|x86
		{D1D89483-2373-40E4-BFA4-1FD63881DAD0}.AppStore|x86.Deploy.0 = Release|x86
		{D1D89483-2373-40E4-BFA4-1FD63881DAD0}.Debug|Any CPU.ActiveCfg = Debug|x86
		{D1D89483-2373-40E4-BFA4-1FD63881DAD0}.Debug|Any CPU.Build.0 = Debug|x86
		{D1D89483-2373-40E4-BFA4-1FD63881DAD0}.Debug|Any CPU.Deploy.0 = Debug|x86
		{D1D89483-2373-40E4-BFA4-1FD63881DAD0}.Debug|ARM.ActiveCfg = Debug|ARM
		{D1D89483-2373-40E4-BFA4-1FD63881DAD0}.Debug|ARM.Build.0 = Debug|ARM
		{D1D89483-2373-40E4-BFA4-1FD63881DAD0}.Debug|ARM.Deploy.0 = Debug|ARM
		{D1D89483-2373-40E4-BFA4-1FD63881DAD0}.Debug|iPhone.ActiveCfg = Debug|x86
		{D1D89483-2373-40E4-BFA4-1FD63881DAD0}.Debug|iPhone.Build.0 = Debug|x86
		{D1D89483-2373-40E4-BFA4-1FD63881DAD0}.Debug|iPhone.Deploy.0 = Debug|x86
		{D1D89483-2373-40E4-BFA4-1FD63881DAD0}.Debug|iPhoneSimulator.ActiveCfg = Debug|x86
		{D1D89483-2373-40E4-BFA4-1FD63881DAD0}.Debug|iPhoneSimulator.Build.0 = Debug|x86
		{D1D89483-2373-40E4-BFA4-1FD63881DAD0}.Debug|iPhoneSimulator.Deploy.0 = Debug|x86
		{D1D89483-2373-40E4-BFA4-1FD63881DAD0}.Debug|x64.ActiveCfg = Debug|x64
		{D1D89483-2373-40E4-BFA4-1FD63881DAD0}.Debug|x64.Build.0 = Debug|x64
		{D1D89483-2373-40E4-BFA4-1FD63881DAD0}.Debug|x64.Deploy.0 = Debug|x64
		{D1D89483-2373-40E4-BFA4-1FD63881DAD0}.Debug|x86.ActiveCfg = Debug|x86
		{D1D89483-2373-40E4-BFA4-1FD63881DAD0}.Debug|x86.Build.0 = Debug|x86
		{D1D89483-2373-40E4-BFA4-1FD63881DAD0}.Debug|x86.Deploy.0 = Debug|x86
		{D1D89483-2373-40E4-BFA4-1FD63881DAD0}.Release|Any CPU.ActiveCfg = Release|x86
		{D1D89483-2373-40E4-BFA4-1FD63881DAD0}.Release|Any CPU.Build.0 = Release|x86
		{D1D89483-2373-40E4-BFA4-1FD63881DAD0}.Release|Any CPU.Deploy.0 = Release|x86
		{D1D89483-2373-40E4-BFA4-1FD63881DAD0}.Release|ARM.ActiveCfg = Release|ARM
		{D1D89483-2373-40E4-BFA4-1FD63881DAD0}.Release|ARM.Build.0 = Release|ARM
		{D1D89483-2373-40E4-BFA4-1FD63881DAD0}.Release|ARM.Deploy.0 = Release|ARM
		{D1D89483-2373-40E4-BFA4-1FD63881DAD0}.Release|iPhone.ActiveCfg = Release|x86
		{D1D89483-2373-40E4-BFA4-1FD63881DAD0}.Release|iPhone.Build.0 = Release|x86
		{D1D89483-2373-40E4-BFA4-1FD63881DAD0}.Release|iPhone.Deploy.0 = Release|x86
		{D1D89483-2373-40E4-BFA4-1FD63881DAD0}.Release|iPhoneSimulator.ActiveCfg = Release|x86
		{D1D89483-2373-40E4-BFA4-1FD63881DAD0}.Release|iPhoneSimulator.Build.0 = Release|x86
		{D1D89483-2373-40E4-BFA4-1FD63881DAD0}.Release|iPhoneSimulator.Deploy.0 = Release|x86
		{D1D89483-2373-40E4-BFA4-1FD63881DAD0}.Release|x64.ActiveCfg = Release|x64
		{D1D89483-2373-40E4-BFA4-1FD63881DAD0}.Release|x64.Build.0 = Release|x64
		{D1D89483-2373-40E4-BFA4-1FD63881DAD0}.Release|x64.Deploy.0 = Release|x64
		{D1D89483-2373-40E4-BFA4-1FD63881DAD0}.Release|x86.ActiveCfg = Release|x86
		{D1D89483-2373-40E4-BFA4-1FD63881DAD0}.Release|x86.Build.0 = Release|x86
		{D1D89483-2373-40E4-BFA4-1FD63881DAD0}.Release|x86.Deploy.0 = Release|x86
		{8C35256D-44DF-4F2E-B612-30FE1B18A1DC}.Ad-Hoc|Any CPU.ActiveCfg = Debug|Any CPU
		{8C35256D-44DF-4F2E-B612-30FE1B18A1DC}.Ad-Hoc|Any CPU.Build.0 = Debug|Any CPU
		{8C35256D-44DF-4F2E-B612-30FE1B18A1DC}.Ad-Hoc|Any CPU.Deploy.0 = Debug|Any CPU
		{8C35256D-44DF-4F2E-B612-30FE1B18A1DC}.Ad-Hoc|ARM.ActiveCfg = Debug|Any CPU
		{8C35256D-44DF-4F2E-B612-30FE1B18A1DC}.Ad-Hoc|ARM.Build.0 = Debug|Any CPU
		{8C35256D-44DF-4F2E-B612-30FE1B18A1DC}.Ad-Hoc|ARM.Deploy.0 = Debug|Any CPU
		{8C35256D-44DF-4F2E-B612-30FE1B18A1DC}.Ad-Hoc|iPhone.ActiveCfg = Debug|Any CPU
		{8C35256D-44DF-4F2E-B612-30FE1B18A1DC}.Ad-Hoc|iPhone.Build.0 = Debug|Any CPU
		{8C35256D-44DF-4F2E-B612-30FE1B18A1DC}.Ad-Hoc|iPhone.Deploy.0 = Debug|Any CPU
		{8C35256D-44DF-4F2E-B612-30FE1B18A1DC}.Ad-Hoc|iPhoneSimulator.ActiveCfg = Debug|Any CPU
		{8C35256D-44DF-4F2E-B612-30FE1B18A1DC}.Ad-Hoc|iPhoneSimulator.Build.0 = Debug|Any CPU
		{8C35256D-44DF-4F2E-B612-30FE1B18A1DC}.Ad-Hoc|iPhoneSimulator.Deploy.0 = Debug|Any CPU
		{8C35256D-44DF-4F2E-B612-30FE1B18A1DC}.Ad-Hoc|x64.ActiveCfg = Debug|Any CPU
		{8C35256D-44DF-4F2E-B612-30FE1B18A1DC}.Ad-Hoc|x64.Build.0 = Debug|Any CPU
		{8C35256D-44DF-4F2E-B612-30FE1B18A1DC}.Ad-Hoc|x64.Deploy.0 = Debug|Any CPU
		{8C35256D-44DF-4F2E-B612-30FE1B18A1DC}.Ad-Hoc|x86.ActiveCfg = Debug|Any CPU
		{8C35256D-44DF-4F2E-B612-30FE1B18A1DC}.Ad-Hoc|x86.Build.0 = Debug|Any CPU
		{8C35256D-44DF-4F2E-B612-30FE1B18A1DC}.Ad-Hoc|x86.Deploy.0 = Debug|Any CPU
		{8C35256D-44DF-4F2E-B612-30FE1B18A1DC}.AppStore|Any CPU.ActiveCfg = Debug|Any CPU
		{8C35256D-44DF-4F2E-B612-30FE1B18A1DC}.AppStore|Any CPU.Build.0 = Debug|Any CPU
		{8C35256D-44DF-4F2E-B612-30FE1B18A1DC}.AppStore|Any CPU.Deploy.0 = Debug|Any CPU
		{8C35256D-44DF-4F2E-B612-30FE1B18A1DC}.AppStore|ARM.ActiveCfg = Debug|Any CPU
		{8C35256D-44DF-4F2E-B612-30FE1B18A1DC}.AppStore|ARM.Build.0 = Debug|Any CPU
		{8C35256D-44DF-4F2E-B612-30FE1B18A1DC}.AppStore|ARM.Deploy.0 = Debug|Any CPU
		{8C35256D-44DF-4F2E-B612-30FE1B18A1DC}.AppStore|iPhone.ActiveCfg = Debug|Any CPU
		{8C35256D-44DF-4F2E-B612-30FE1B18A1DC}.AppStore|iPhone.Build.0 = Debug|Any CPU
		{8C35256D-44DF-4F2E-B612-30FE1B18A1DC}.AppStore|iPhone.Deploy.0 = Debug|Any CPU
		{8C35256D-44DF-4F2E-B612-30FE1B18A1DC}.AppStore|iPhoneSimulator.ActiveCfg = Debug|Any CPU
		{8C35256D-44DF-4F2E-B612-30FE1B18A1DC}.AppStore|iPhoneSimulator.Build.0 = Debug|Any CPU
		{8C35256D-44DF-4F2E-B612-30FE1B18A1DC}.AppStore|iPhoneSimulator.Deploy.0 = Debug|Any CPU
		{8C35256D-44DF-4F2E-B612-30FE1B18A1DC}.AppStore|x64.ActiveCfg = Debug|Any CPU
		{8C35256D-44DF-4F2E-B612-30FE1B18A1DC}.AppStore|x64.Build.0 = Debug|Any CPU
		{8C35256D-44DF-4F2E-B612-30FE1B18A1DC}.AppStore|x64.Deploy.0 = Debug|Any CPU
		{8C35256D-44DF-4F2E-B612-30FE1B18A1DC}.AppStore|x86.ActiveCfg = Debug|Any CPU
		{8C35256D-44DF-4F2E-B612-30FE1B18A1DC}.AppStore|x86.Build.0 = Debug|Any CPU
		{8C35256D-44DF-4F2E-B612-30FE1B18A1DC}.AppStore|x86.Deploy.0 = Debug|Any CPU
		{8C35256D-44DF-4F2E-B612-30FE1B18A1DC}.Debug|Any CPU.ActiveCfg = Debug|Any CPU
		{8C35256D-44DF-4F2E-B612-30FE1B18A1DC}.Debug|Any CPU.Build.0 = Debug|Any CPU
		{8C35256D-44DF-4F2E-B612-30FE1B18A1DC}.Debug|Any CPU.Deploy.0 = Debug|Any CPU
		{8C35256D-44DF-4F2E-B612-30FE1B18A1DC}.Debug|ARM.ActiveCfg = Debug|Any CPU
		{8C35256D-44DF-4F2E-B612-30FE1B18A1DC}.Debug|ARM.Build.0 = Debug|Any CPU
		{8C35256D-44DF-4F2E-B612-30FE1B18A1DC}.Debug|ARM.Deploy.0 = Debug|Any CPU
		{8C35256D-44DF-4F2E-B612-30FE1B18A1DC}.Debug|iPhone.ActiveCfg = Debug|Any CPU
		{8C35256D-44DF-4F2E-B612-30FE1B18A1DC}.Debug|iPhone.Build.0 = Debug|Any CPU
		{8C35256D-44DF-4F2E-B612-30FE1B18A1DC}.Debug|iPhone.Deploy.0 = Debug|Any CPU
		{8C35256D-44DF-4F2E-B612-30FE1B18A1DC}.Debug|iPhoneSimulator.ActiveCfg = Debug|Any CPU
		{8C35256D-44DF-4F2E-B612-30FE1B18A1DC}.Debug|iPhoneSimulator.Build.0 = Debug|Any CPU
		{8C35256D-44DF-4F2E-B612-30FE1B18A1DC}.Debug|iPhoneSimulator.Deploy.0 = Debug|Any CPU
		{8C35256D-44DF-4F2E-B612-30FE1B18A1DC}.Debug|x64.ActiveCfg = Debug|Any CPU
		{8C35256D-44DF-4F2E-B612-30FE1B18A1DC}.Debug|x64.Build.0 = Debug|Any CPU
		{8C35256D-44DF-4F2E-B612-30FE1B18A1DC}.Debug|x64.Deploy.0 = Debug|Any CPU
		{8C35256D-44DF-4F2E-B612-30FE1B18A1DC}.Debug|x86.ActiveCfg = Debug|Any CPU
		{8C35256D-44DF-4F2E-B612-30FE1B18A1DC}.Debug|x86.Build.0 = Debug|Any CPU
		{8C35256D-44DF-4F2E-B612-30FE1B18A1DC}.Debug|x86.Deploy.0 = Debug|Any CPU
		{8C35256D-44DF-4F2E-B612-30FE1B18A1DC}.Release|Any CPU.ActiveCfg = Release|Any CPU
		{8C35256D-44DF-4F2E-B612-30FE1B18A1DC}.Release|Any CPU.Build.0 = Release|Any CPU
		{8C35256D-44DF-4F2E-B612-30FE1B18A1DC}.Release|Any CPU.Deploy.0 = Release|Any CPU
		{8C35256D-44DF-4F2E-B612-30FE1B18A1DC}.Release|ARM.ActiveCfg = Release|Any CPU
		{8C35256D-44DF-4F2E-B612-30FE1B18A1DC}.Release|ARM.Build.0 = Release|Any CPU
		{8C35256D-44DF-4F2E-B612-30FE1B18A1DC}.Release|ARM.Deploy.0 = Release|Any CPU
		{8C35256D-44DF-4F2E-B612-30FE1B18A1DC}.Release|iPhone.ActiveCfg = Release|Any CPU
		{8C35256D-44DF-4F2E-B612-30FE1B18A1DC}.Release|iPhone.Build.0 = Release|Any CPU
		{8C35256D-44DF-4F2E-B612-30FE1B18A1DC}.Release|iPhone.Deploy.0 = Release|Any CPU
		{8C35256D-44DF-4F2E-B612-30FE1B18A1DC}.Release|iPhoneSimulator.ActiveCfg = Release|Any CPU
		{8C35256D-44DF-4F2E-B612-30FE1B18A1DC}.Release|iPhoneSimulator.Build.0 = Release|Any CPU
		{8C35256D-44DF-4F2E-B612-30FE1B18A1DC}.Release|iPhoneSimulator.Deploy.0 = Release|Any CPU
		{8C35256D-44DF-4F2E-B612-30FE1B18A1DC}.Release|x64.ActiveCfg = Release|Any CPU
		{8C35256D-44DF-4F2E-B612-30FE1B18A1DC}.Release|x64.Build.0 = Release|Any CPU
		{8C35256D-44DF-4F2E-B612-30FE1B18A1DC}.Release|x64.Deploy.0 = Release|Any CPU
		{8C35256D-44DF-4F2E-B612-30FE1B18A1DC}.Release|x86.ActiveCfg = Release|Any CPU
		{8C35256D-44DF-4F2E-B612-30FE1B18A1DC}.Release|x86.Build.0 = Release|Any CPU
		{8C35256D-44DF-4F2E-B612-30FE1B18A1DC}.Release|x86.Deploy.0 = Release|Any CPU
	EndGlobalSection
	GlobalSection(SolutionProperties) = preSolution
		HideSolutionNode = FALSE
	EndGlobalSection
	GlobalSection(ExtensibilityGlobals) = postSolution
		SolutionGuid = {B61FBA03-1673-4D30-BEDB-72B2337E10ED}
	EndGlobalSection
EndGlobal
